
Microsoft Visual Studio Solution File, Format Version 12.00
# Visual Studio 2013
VisualStudioVersion = 12.0.31101.0
MinimumVisualStudioVersion = 10.0.40219.1
Project("{FAE04EC0-301F-11D3-BF4B-00C04F79EFBC}") = "University.Desktop", "University\University.Desktop.csproj", "{11D4923F-8832-4725-9AEF-6B2C53394D86}"
EndProject
Project("{FAE04EC0-301F-11D3-BF4B-00C04F79EFBC}") = "University.Tests", "University.Tests\University.Tests.csproj", "{F7198B93-87A1-40E8-863B-8C2E247AE6B0}"
EndProject
Project("{2150E333-8FDC-42A3-9474-1A3956D46DE8}") = ".nuget", ".nuget", "{4F0AC583-1D86-45D1-AB93-FC8DA09CE915}"
	ProjectSection(SolutionItems) = preProject
		.nuget\NuGet.Config = .nuget\NuGet.Config
		.nuget\NuGet.exe = .nuget\NuGet.exe
		.nuget\NuGet.targets = .nuget\NuGet.targets
	EndProjectSection
EndProject
Project("{2150E333-8FDC-42A3-9474-1A3956D46DE8}") = "Modules", "Modules", "{DCE3286C-45F5-47A2-91F7-FA428C0DD737}"
EndProject
Project("{FAE04EC0-301F-11D3-BF4B-00C04F79EFBC}") = "StudentModule", "StudentModule\StudentModule.csproj", "{66B0B52D-0849-472A-BF50-DAD72187E8FC}"
EndProject
Project("{FAE04EC0-301F-11D3-BF4B-00C04F79EFBC}") = "University.Models", "University.Models\University.Models.csproj", "{F0F773F3-99A0-4E6B-8A0C-01D22580801A}"
EndProject
Project("{FAE04EC0-301F-11D3-BF4B-00C04F79EFBC}") = "University.DataAccess", "University.DataAccess\University.DataAccess.csproj", "{CD448DF5-224C-4AD8-BE37-F6B055891C37}"
EndProject
Project("{2150E333-8FDC-42A3-9474-1A3956D46DE8}") = "Common", "Common", "{2A12691E-BEDB-417B-AC69-83641317F759}"
EndProject
Project("{FAE04EC0-301F-11D3-BF4B-00C04F79EFBC}") = "University.Common", "University.Common\University.Common.csproj", "{C00C35FB-6D7E-4323-AA71-46557AC2EE3E}"
EndProject
Project("{FAE04EC0-301F-11D3-BF4B-00C04F79EFBC}") = "CourseModule", "CourseModule\CourseModule.csproj", "{6D7B77F8-17FE-4F8B-8955-2E61D668648F}"
EndProject
Project("{FAE04EC0-301F-11D3-BF4B-00C04F79EFBC}") = "HomeModule", "HomeModule\HomeModule.csproj", "{D4235ABB-C39C-4737-B8EC-F6EAADF1A8CE}"
EndProject
Global
	GlobalSection(SolutionConfigurationPlatforms) = preSolution
		Debug|Any CPU = Debug|Any CPU
		Release|Any CPU = Release|Any CPU
	EndGlobalSection
	GlobalSection(ProjectConfigurationPlatforms) = postSolution
		{11D4923F-8832-4725-9AEF-6B2C53394D86}.Debug|Any CPU.ActiveCfg = Debug|Any CPU
		{11D4923F-8832-4725-9AEF-6B2C53394D86}.Debug|Any CPU.Build.0 = Debug|Any CPU
		{11D4923F-8832-4725-9AEF-6B2C53394D86}.Release|Any CPU.ActiveCfg = Release|Any CPU
		{11D4923F-8832-4725-9AEF-6B2C53394D86}.Release|Any CPU.Build.0 = Release|Any CPU
		{F7198B93-87A1-40E8-863B-8C2E247AE6B0}.Debug|Any CPU.ActiveCfg = Debug|Any CPU
		{F7198B93-87A1-40E8-863B-8C2E247AE6B0}.Debug|Any CPU.Build.0 = Debug|Any CPU
		{F7198B93-87A1-40E8-863B-8C2E247AE6B0}.Release|Any CPU.ActiveCfg = Release|Any CPU
		{F7198B93-87A1-40E8-863B-8C2E247AE6B0}.Release|Any CPU.Build.0 = Release|Any CPU
		{66B0B52D-0849-472A-BF50-DAD72187E8FC}.Debug|Any CPU.ActiveCfg = Debug|Any CPU
		{66B0B52D-0849-472A-BF50-DAD72187E8FC}.Debug|Any CPU.Build.0 = Debug|Any CPU
		{66B0B52D-0849-472A-BF50-DAD72187E8FC}.Release|Any CPU.ActiveCfg = Release|Any CPU
		{66B0B52D-0849-472A-BF50-DAD72187E8FC}.Release|Any CPU.Build.0 = Release|Any CPU
		{F0F773F3-99A0-4E6B-8A0C-01D22580801A}.Debug|Any CPU.ActiveCfg = Debug|Any CPU
		{F0F773F3-99A0-4E6B-8A0C-01D22580801A}.Debug|Any CPU.Build.0 = Debug|Any CPU
		{F0F773F3-99A0-4E6B-8A0C-01D22580801A}.Release|Any CPU.ActiveCfg = Release|Any CPU
		{F0F773F3-99A0-4E6B-8A0C-01D22580801A}.Release|Any CPU.Build.0 = Release|Any CPU
		{CD448DF5-224C-4AD8-BE37-F6B055891C37}.Debug|Any CPU.ActiveCfg = Debug|Any CPU
		{CD448DF5-224C-4AD8-BE37-F6B055891C37}.Debug|Any CPU.Build.0 = Debug|Any CPU
		{CD448DF5-224C-4AD8-BE37-F6B055891C37}.Release|Any CPU.ActiveCfg = Release|Any CPU
		{CD448DF5-224C-4AD8-BE37-F6B055891C37}.Release|Any CPU.Build.0 = Release|Any CPU
		{C00C35FB-6D7E-4323-AA71-46557AC2EE3E}.Debug|Any CPU.ActiveCfg = Debug|Any CPU
		{C00C35FB-6D7E-4323-AA71-46557AC2EE3E}.Debug|Any CPU.Build.0 = Debug|Any CPU
		{C00C35FB-6D7E-4323-AA71-46557AC2EE3E}.Release|Any CPU.ActiveCfg = Release|Any CPU
		{C00C35FB-6D7E-4323-AA71-46557AC2EE3E}.Release|Any CPU.Build.0 = Release|Any CPU
		{6D7B77F8-17FE-4F8B-8955-2E61D668648F}.Debug|Any CPU.ActiveCfg = Debug|Any CPU
		{6D7B77F8-17FE-4F8B-8955-2E61D668648F}.Debug|Any CPU.Build.0 = Debug|Any CPU
		{6D7B77F8-17FE-4F8B-8955-2E61D668648F}.Release|Any CPU.ActiveCfg = Release|Any CPU
		{6D7B77F8-17FE-4F8B-8955-2E61D668648F}.Release|Any CPU.Build.0 = Release|Any CPU
		{D4235ABB-C39C-4737-B8EC-F6EAADF1A8CE}.Debug|Any CPU.ActiveCfg = Debug|Any CPU
		{D4235ABB-C39C-4737-B8EC-F6EAADF1A8CE}.Debug|Any CPU.Build.0 = Debug|Any CPU
		{D4235ABB-C39C-4737-B8EC-F6EAADF1A8CE}.Release|Any CPU.ActiveCfg = Release|Any CPU
		{D4235ABB-C39C-4737-B8EC-F6EAADF1A8CE}.Release|Any CPU.Build.0 = Release|Any CPU
	EndGlobalSection
	GlobalSection(SolutionProperties) = preSolution
		HideSolutionNode = FALSE
	EndGlobalSection
	GlobalSection(NestedProjects) = preSolution
		{66B0B52D-0849-472A-BF50-DAD72187E8FC} = {DCE3286C-45F5-47A2-91F7-FA428C0DD737}
		{C00C35FB-6D7E-4323-AA71-46557AC2EE3E} = {2A12691E-BEDB-417B-AC69-83641317F759}
		{6D7B77F8-17FE-4F8B-8955-2E61D668648F} = {DCE3286C-45F5-47A2-91F7-FA428C0DD737}
		{D4235ABB-C39C-4737-B8EC-F6EAADF1A8CE} = {DCE3286C-45F5-47A2-91F7-FA428C0DD737}
	EndGlobalSection
EndGlobal
