
Microsoft Visual Studio Solution File, Format Version 12.00
# Visual Studio 2013
VisualStudioVersion = 12.0.31101.0
MinimumVisualStudioVersion = 10.0.40219.1
Project("{FAE04EC0-301F-11D3-BF4B-00C04F79EFBC}") = "Desktop.Main", "Desktop\Desktop.Main.csproj", "{54EB9DEF-00E2-4DD6-8B1C-3E54F7D73E64}"
EndProject
Project("{2150E333-8FDC-42A3-9474-1A3956D46DE8}") = "Tests", "Tests", "{9ABD2A08-0685-4C59-93E1-D6C3583DCC70}"
EndProject
Project("{2150E333-8FDC-42A3-9474-1A3956D46DE8}") = "Modules", "Modules", "{F09688A8-249A-4740-AA00-E91CB78BE533}"
EndProject
Project("{2150E333-8FDC-42A3-9474-1A3956D46DE8}") = "Common", "Common", "{404252F6-E8C4-42FE-9126-9C2B30C7ED43}"
EndProject
Global
	GlobalSection(SolutionConfigurationPlatforms) = preSolution
		Debug|Any CPU = Debug|Any CPU
		Release|Any CPU = Release|Any CPU
	EndGlobalSection
	GlobalSection(ProjectConfigurationPlatforms) = postSolution
		{54EB9DEF-00E2-4DD6-8B1C-3E54F7D73E64}.Debug|Any CPU.ActiveCfg = Debug|Any CPU
		{54EB9DEF-00E2-4DD6-8B1C-3E54F7D73E64}.Debug|Any CPU.Build.0 = Debug|Any CPU
		{54EB9DEF-00E2-4DD6-8B1C-3E54F7D73E64}.Release|Any CPU.ActiveCfg = Release|Any CPU
		{54EB9DEF-00E2-4DD6-8B1C-3E54F7D73E64}.Release|Any CPU.Build.0 = Release|Any CPU
	EndGlobalSection
	GlobalSection(SolutionProperties) = preSolution
		HideSolutionNode = FALSE
	EndGlobalSection
EndGlobal
